
Microsoft Visual Studio Solution File, Format Version 12.00
# Visual Studio 14
VisualStudioVersion = 14.0.24720.0
MinimumVisualStudioVersion = 10.0.40219.1
Project("{FAE04EC0-301F-11D3-BF4B-00C04F79EFBC}") = "bw01", "bw01.csproj", "{97289960-3B1C-4F85-9469-2C56C34983F5}"
EndProject
Project("{FAE04EC0-301F-11D3-BF4B-00C04F79EFBC}") = "DataRepository", "..\..\1908\DataRepository\DataRepository.csproj", "{7075E088-3D74-4E3A-A681-B6F77844E064}"
EndProject
Project("{FAE04EC0-301F-11D3-BF4B-00C04F79EFBC}") = "ImageStorage", "..\..\1908\ImageStorage\ImageStorage.csproj", "{79E031A3-0046-4C41-BDD8-2B124E691076}"
EndProject
Project("{FAE04EC0-301F-11D3-BF4B-00C04F79EFBC}") = "BaseModel", "..\..\1908\BaseModel\BaseModel.csproj", "{ECB4883B-114A-4F92-88A7-BCAA10A4369B}"
EndProject
Global
	GlobalSection(SolutionConfigurationPlatforms) = preSolution
		Debug|Any CPU = Debug|Any CPU
		Release|Any CPU = Release|Any CPU
	EndGlobalSection
	GlobalSection(ProjectConfigurationPlatforms) = postSolution
		{97289960-3B1C-4F85-9469-2C56C34983F5}.Debug|Any CPU.ActiveCfg = Debug|Any CPU
		{97289960-3B1C-4F85-9469-2C56C34983F5}.Debug|Any CPU.Build.0 = Debug|Any CPU
		{97289960-3B1C-4F85-9469-2C56C34983F5}.Release|Any CPU.ActiveCfg = Release|Any CPU
		{97289960-3B1C-4F85-9469-2C56C34983F5}.Release|Any CPU.Build.0 = Release|Any CPU
		{7075E088-3D74-4E3A-A681-B6F77844E064}.Debug|Any CPU.ActiveCfg = Debug|Any CPU
		{7075E088-3D74-4E3A-A681-B6F77844E064}.Debug|Any CPU.Build.0 = Debug|Any CPU
		{7075E088-3D74-4E3A-A681-B6F77844E064}.Release|Any CPU.ActiveCfg = Release|Any CPU
		{7075E088-3D74-4E3A-A681-B6F77844E064}.Release|Any CPU.Build.0 = Release|Any CPU
		{79E031A3-0046-4C41-BDD8-2B124E691076}.Debug|Any CPU.ActiveCfg = Debug|Any CPU
		{79E031A3-0046-4C41-BDD8-2B124E691076}.Debug|Any CPU.Build.0 = Debug|Any CPU
		{79E031A3-0046-4C41-BDD8-2B124E691076}.Release|Any CPU.ActiveCfg = Release|Any CPU
		{79E031A3-0046-4C41-BDD8-2B124E691076}.Release|Any CPU.Build.0 = Release|Any CPU
		{ECB4883B-114A-4F92-88A7-BCAA10A4369B}.Debug|Any CPU.ActiveCfg = Debug|Any CPU
		{ECB4883B-114A-4F92-88A7-BCAA10A4369B}.Debug|Any CPU.Build.0 = Debug|Any CPU
		{ECB4883B-114A-4F92-88A7-BCAA10A4369B}.Release|Any CPU.ActiveCfg = Release|Any CPU
		{ECB4883B-114A-4F92-88A7-BCAA10A4369B}.Release|Any CPU.Build.0 = Release|Any CPU
	EndGlobalSection
	GlobalSection(SolutionProperties) = preSolution
		HideSolutionNode = FALSE
	EndGlobalSection
EndGlobal
